// !$*UTF8*$!
{
	archiveVersion = 1;
	classes = {
	};
	objectVersion = 50;
	objects = {

/* Begin PBXBuildFile section */
		361329042195AE5500C22703 /* AppDelegate.swift in Sources */ = {isa = PBXBuildFile; fileRef = 361329032195AE5500C22703 /* AppDelegate.swift */; };
		361329062195AE5500C22703 /* ViewController.swift in Sources */ = {isa = PBXBuildFile; fileRef = 361329052195AE5500C22703 /* ViewController.swift */; };
		361329092195AE5500C22703 /* Main.storyboard in Resources */ = {isa = PBXBuildFile; fileRef = 361329072195AE5500C22703 /* Main.storyboard */; };
		3613290B2195AE5700C22703 /* Assets.xcassets in Resources */ = {isa = PBXBuildFile; fileRef = 3613290A2195AE5700C22703 /* Assets.xcassets */; };
		3613290E2195AE5700C22703 /* LaunchScreen.storyboard in Resources */ = {isa = PBXBuildFile; fileRef = 3613290C2195AE5700C22703 /* LaunchScreen.storyboard */; };
		388F6888A1F834ACF29DAFA3 /* Pods_Grafficity.framework in Frameworks */ = {isa = PBXBuildFile; fileRef = EBEAE71338505420FFC5F7D9 /* Pods_Grafficity.framework */; };
		6E0CB48D2195D3CB00B6C90A /* ARObjectPlacementViewController.swift in Sources */ = {isa = PBXBuildFile; fileRef = 6E0CB48C2195D3CB00B6C90A /* ARObjectPlacementViewController.swift */; };
		6E0CB48F2195D9CE00B6C90A /* ARPlacementObject.storyboard in Resources */ = {isa = PBXBuildFile; fileRef = 6E0CB48E2195D9CE00B6C90A /* ARPlacementObject.storyboard */; };
		6E0CB4912196C0D600B6C90A /* StatusViewController.swift in Sources */ = {isa = PBXBuildFile; fileRef = 6E0CB4902196C0D600B6C90A /* StatusViewController.swift */; };
/* End PBXBuildFile section */

/* Begin PBXFileReference section */
		137E4FDAF797D52D0CB4E0EC /* Pods-Grafficity.release.xcconfig */ = {isa = PBXFileReference; includeInIndex = 1; lastKnownFileType = text.xcconfig; name = "Pods-Grafficity.release.xcconfig"; path = "Pods/Target Support Files/Pods-Grafficity/Pods-Grafficity.release.xcconfig"; sourceTree = "<group>"; };
		361329002195AE5500C22703 /* Grafficity.app */ = {isa = PBXFileReference; explicitFileType = wrapper.application; includeInIndex = 0; path = Grafficity.app; sourceTree = BUILT_PRODUCTS_DIR; };
		361329032195AE5500C22703 /* AppDelegate.swift */ = {isa = PBXFileReference; lastKnownFileType = sourcecode.swift; path = AppDelegate.swift; sourceTree = "<group>"; };
		361329052195AE5500C22703 /* ViewController.swift */ = {isa = PBXFileReference; lastKnownFileType = sourcecode.swift; path = ViewController.swift; sourceTree = "<group>"; };
		361329082195AE5500C22703 /* Base */ = {isa = PBXFileReference; lastKnownFileType = file.storyboard; name = Base; path = Base.lproj/Main.storyboard; sourceTree = "<group>"; };
		3613290A2195AE5700C22703 /* Assets.xcassets */ = {isa = PBXFileReference; lastKnownFileType = folder.assetcatalog; path = Assets.xcassets; sourceTree = "<group>"; };
		3613290D2195AE5700C22703 /* Base */ = {isa = PBXFileReference; lastKnownFileType = file.storyboard; name = Base; path = Base.lproj/LaunchScreen.storyboard; sourceTree = "<group>"; };
		3613290F2195AE5700C22703 /* Info.plist */ = {isa = PBXFileReference; lastKnownFileType = text.plist.xml; path = Info.plist; sourceTree = "<group>"; };
		6E0CB48C2195D3CB00B6C90A /* ARObjectPlacementViewController.swift */ = {isa = PBXFileReference; lastKnownFileType = sourcecode.swift; path = ARObjectPlacementViewController.swift; sourceTree = "<group>"; };
		6E0CB48E2195D9CE00B6C90A /* ARPlacementObject.storyboard */ = {isa = PBXFileReference; lastKnownFileType = file.storyboard; path = ARPlacementObject.storyboard; sourceTree = "<group>"; };
		6E0CB4902196C0D600B6C90A /* StatusViewController.swift */ = {isa = PBXFileReference; fileEncoding = 4; lastKnownFileType = sourcecode.swift; path = StatusViewController.swift; sourceTree = "<group>"; };
		C1B81B9F12C2C28645D866C7 /* Pods-Grafficity.debug.xcconfig */ = {isa = PBXFileReference; includeInIndex = 1; lastKnownFileType = text.xcconfig; name = "Pods-Grafficity.debug.xcconfig"; path = "Pods/Target Support Files/Pods-Grafficity/Pods-Grafficity.debug.xcconfig"; sourceTree = "<group>"; };
		EBEAE71338505420FFC5F7D9 /* Pods_Grafficity.framework */ = {isa = PBXFileReference; explicitFileType = wrapper.framework; includeInIndex = 0; path = Pods_Grafficity.framework; sourceTree = BUILT_PRODUCTS_DIR; };
/* End PBXFileReference section */

/* Begin PBXFrameworksBuildPhase section */
		361328FD2195AE5500C22703 /* Frameworks */ = {
			isa = PBXFrameworksBuildPhase;
			buildActionMask = 2147483647;
			files = (
				388F6888A1F834ACF29DAFA3 /* Pods_Grafficity.framework in Frameworks */,
			);
			runOnlyForDeploymentPostprocessing = 0;
		};
/* End PBXFrameworksBuildPhase section */

/* Begin PBXGroup section */
		361328F72195AE5400C22703 = {
			isa = PBXGroup;
			children = (
				361329022195AE5500C22703 /* grafficity */,
				361329012195AE5500C22703 /* Products */,
				D6C070E6D3F372A31CDF6F82 /* Pods */,
				8D76646A2AF0BA911399190F /* Frameworks */,
			);
			sourceTree = "<group>";
		};
		361329012195AE5500C22703 /* Products */ = {
			isa = PBXGroup;
			children = (
				361329002195AE5500C22703 /* Grafficity.app */,
			);
			name = Products;
			sourceTree = "<group>";
		};
		361329022195AE5500C22703 /* grafficity */ = {
			isa = PBXGroup;
			children = (
				361329032195AE5500C22703 /* AppDelegate.swift */,
				361329052195AE5500C22703 /* ViewController.swift */,
				6E0CB48C2195D3CB00B6C90A /* ARObjectPlacementViewController.swift */,
				6E0CB4902196C0D600B6C90A /* StatusViewController.swift */,
				361329072195AE5500C22703 /* Main.storyboard */,
				6E0CB48E2195D9CE00B6C90A /* ARPlacementObject.storyboard */,
				3613290A2195AE5700C22703 /* Assets.xcassets */,
				3613290C2195AE5700C22703 /* LaunchScreen.storyboard */,
				3613290F2195AE5700C22703 /* Info.plist */,
			);
			path = grafficity;
			sourceTree = "<group>";
		};
		8D76646A2AF0BA911399190F /* Frameworks */ = {
			isa = PBXGroup;
			children = (
				EBEAE71338505420FFC5F7D9 /* Pods_Grafficity.framework */,
			);
			name = Frameworks;
			sourceTree = "<group>";
		};
		D6C070E6D3F372A31CDF6F82 /* Pods */ = {
			isa = PBXGroup;
			children = (
				C1B81B9F12C2C28645D866C7 /* Pods-Grafficity.debug.xcconfig */,
				137E4FDAF797D52D0CB4E0EC /* Pods-Grafficity.release.xcconfig */,
			);
			name = Pods;
			sourceTree = "<group>";
		};
/* End PBXGroup section */

/* Begin PBXNativeTarget section */
		361328FF2195AE5500C22703 /* Grafficity */ = {
			isa = PBXNativeTarget;
			buildConfigurationList = 361329122195AE5700C22703 /* Build configuration list for PBXNativeTarget "Grafficity" */;
			buildPhases = (
				31A51DBBDB4D1796963F0404 /* [CP] Check Pods Manifest.lock */,
				361328FC2195AE5500C22703 /* Sources */,
				361328FD2195AE5500C22703 /* Frameworks */,
				361328FE2195AE5500C22703 /* Resources */,
			);
			buildRules = (
			);
			dependencies = (
			);
			name = Grafficity;
			productName = grafficity;
			productReference = 361329002195AE5500C22703 /* Grafficity.app */;
			productType = "com.apple.product-type.application";
		};
/* End PBXNativeTarget section */

/* Begin PBXProject section */
		361328F82195AE5400C22703 /* Project object */ = {
			isa = PBXProject;
			attributes = {
				LastSwiftUpdateCheck = 1010;
				LastUpgradeCheck = 1010;
				ORGANIZATIONNAME = doubletapp;
				TargetAttributes = {
					361328FF2195AE5500C22703 = {
						CreatedOnToolsVersion = 10.1;
					};
				};
			};
			buildConfigurationList = 361328FB2195AE5400C22703 /* Build configuration list for PBXProject "grafficity" */;
			compatibilityVersion = "Xcode 9.3";
			developmentRegion = en;
			hasScannedForEncodings = 0;
			knownRegions = (
				en,
				Base,
			);
			mainGroup = 361328F72195AE5400C22703;
			productRefGroup = 361329012195AE5500C22703 /* Products */;
			projectDirPath = "";
			projectRoot = "";
			targets = (
				361328FF2195AE5500C22703 /* Grafficity */,
			);
		};
/* End PBXProject section */

/* Begin PBXResourcesBuildPhase section */
		361328FE2195AE5500C22703 /* Resources */ = {
			isa = PBXResourcesBuildPhase;
			buildActionMask = 2147483647;
			files = (
				3613290E2195AE5700C22703 /* LaunchScreen.storyboard in Resources */,
				3613290B2195AE5700C22703 /* Assets.xcassets in Resources */,
				6E0CB48F2195D9CE00B6C90A /* ARPlacementObject.storyboard in Resources */,
				361329092195AE5500C22703 /* Main.storyboard in Resources */,
			);
			runOnlyForDeploymentPostprocessing = 0;
		};
/* End PBXResourcesBuildPhase section */

/* Begin PBXShellScriptBuildPhase section */
		31A51DBBDB4D1796963F0404 /* [CP] Check Pods Manifest.lock */ = {
			isa = PBXShellScriptBuildPhase;
			buildActionMask = 2147483647;
			files = (
			);
			inputPaths = (
				"${PODS_PODFILE_DIR_PATH}/Podfile.lock",
				"${PODS_ROOT}/Manifest.lock",
			);
			name = "[CP] Check Pods Manifest.lock";
			outputPaths = (
				"$(DERIVED_FILE_DIR)/Pods-Grafficity-checkManifestLockResult.txt",
			);
			runOnlyForDeploymentPostprocessing = 0;
			shellPath = /bin/sh;
			shellScript = "diff \"${PODS_PODFILE_DIR_PATH}/Podfile.lock\" \"${PODS_ROOT}/Manifest.lock\" > /dev/null\nif [ $? != 0 ] ; then\n    # print error to STDERR\n    echo \"error: The sandbox is not in sync with the Podfile.lock. Run 'pod install' or update your CocoaPods installation.\" >&2\n    exit 1\nfi\n# This output is used by Xcode 'outputs' to avoid re-running this script phase.\necho \"SUCCESS\" > \"${SCRIPT_OUTPUT_FILE_0}\"\n";
			showEnvVarsInLog = 0;
		};
/* End PBXShellScriptBuildPhase section */

/* Begin PBXSourcesBuildPhase section */
		361328FC2195AE5500C22703 /* Sources */ = {
			isa = PBXSourcesBuildPhase;
			buildActionMask = 2147483647;
			files = (
				6E0CB4912196C0D600B6C90A /* StatusViewController.swift in Sources */,
				6E0CB48D2195D3CB00B6C90A /* ARObjectPlacementViewController.swift in Sources */,
				361329062195AE5500C22703 /* ViewController.swift in Sources */,
				361329042195AE5500C22703 /* AppDelegate.swift in Sources */,
			);
			runOnlyForDeploymentPostprocessing = 0;
		};
/* End PBXSourcesBuildPhase section */

/* Begin PBXVariantGroup section */
		361329072195AE5500C22703 /* Main.storyboard */ = {
			isa = PBXVariantGroup;
			children = (
				361329082195AE5500C22703 /* Base */,
			);
			name = Main.storyboard;
			sourceTree = "<group>";
		};
		3613290C2195AE5700C22703 /* LaunchScreen.storyboard */ = {
			isa = PBXVariantGroup;
			children = (
				3613290D2195AE5700C22703 /* Base */,
			);
			name = LaunchScreen.storyboard;
			sourceTree = "<group>";
		};
/* End PBXVariantGroup section */

/* Begin XCBuildConfiguration section */
		361329102195AE5700C22703 /* Debug */ = {
			isa = XCBuildConfiguration;
			buildSettings = {
				ALWAYS_SEARCH_USER_PATHS = NO;
				CLANG_ANALYZER_NONNULL = YES;
				CLANG_ANALYZER_NUMBER_OBJECT_CONVERSION = YES_AGGRESSIVE;
				CLANG_CXX_LANGUAGE_STANDARD = "gnu++14";
				CLANG_CXX_LIBRARY = "libc++";
				CLANG_ENABLE_MODULES = YES;
				CLANG_ENABLE_OBJC_ARC = YES;
				CLANG_ENABLE_OBJC_WEAK = YES;
				CLANG_WARN_BLOCK_CAPTURE_AUTORELEASING = YES;
				CLANG_WARN_BOOL_CONVERSION = YES;
				CLANG_WARN_COMMA = YES;
				CLANG_WARN_CONSTANT_CONVERSION = YES;
				CLANG_WARN_DEPRECATED_OBJC_IMPLEMENTATIONS = YES;
				CLANG_WARN_DIRECT_OBJC_ISA_USAGE = YES_ERROR;
				CLANG_WARN_DOCUMENTATION_COMMENTS = YES;
				CLANG_WARN_EMPTY_BODY = YES;
				CLANG_WARN_ENUM_CONVERSION = YES;
				CLANG_WARN_INFINITE_RECURSION = YES;
				CLANG_WARN_INT_CONVERSION = YES;
				CLANG_WARN_NON_LITERAL_NULL_CONVERSION = YES;
				CLANG_WARN_OBJC_IMPLICIT_RETAIN_SELF = YES;
				CLANG_WARN_OBJC_LITERAL_CONVERSION = YES;
				CLANG_WARN_OBJC_ROOT_CLASS = YES_ERROR;
				CLANG_WARN_RANGE_LOOP_ANALYSIS = YES;
				CLANG_WARN_STRICT_PROTOTYPES = YES;
				CLANG_WARN_SUSPICIOUS_MOVE = YES;
				CLANG_WARN_UNGUARDED_AVAILABILITY = YES_AGGRESSIVE;
				CLANG_WARN_UNREACHABLE_CODE = YES;
				CLANG_WARN__DUPLICATE_METHOD_MATCH = YES;
				CODE_SIGN_IDENTITY = "iPhone Developer";
				COPY_PHASE_STRIP = NO;
				DEBUG_INFORMATION_FORMAT = dwarf;
				ENABLE_STRICT_OBJC_MSGSEND = YES;
				ENABLE_TESTABILITY = YES;
				GCC_C_LANGUAGE_STANDARD = gnu11;
				GCC_DYNAMIC_NO_PIC = NO;
				GCC_NO_COMMON_BLOCKS = YES;
				GCC_OPTIMIZATION_LEVEL = 0;
				GCC_PREPROCESSOR_DEFINITIONS = (
					"DEBUG=1",
					"$(inherited)",
				);
				GCC_WARN_64_TO_32_BIT_CONVERSION = YES;
				GCC_WARN_ABOUT_RETURN_TYPE = YES_ERROR;
				GCC_WARN_UNDECLARED_SELECTOR = YES;
				GCC_WARN_UNINITIALIZED_AUTOS = YES_AGGRESSIVE;
				GCC_WARN_UNUSED_FUNCTION = YES;
				GCC_WARN_UNUSED_VARIABLE = YES;
				IPHONEOS_DEPLOYMENT_TARGET = 12.1;
				MTL_ENABLE_DEBUG_INFO = INCLUDE_SOURCE;
				MTL_FAST_MATH = YES;
				ONLY_ACTIVE_ARCH = YES;
				SDKROOT = iphoneos;
				SWIFT_ACTIVE_COMPILATION_CONDITIONS = DEBUG;
				SWIFT_OPTIMIZATION_LEVEL = "-Onone";
			};
			name = Debug;
		};
		361329112195AE5700C22703 /* Release */ = {
			isa = XCBuildConfiguration;
			buildSettings = {
				ALWAYS_SEARCH_USER_PATHS = NO;
				CLANG_ANALYZER_NONNULL = YES;
				CLANG_ANALYZER_NUMBER_OBJECT_CONVERSION = YES_AGGRESSIVE;
				CLANG_CXX_LANGUAGE_STANDARD = "gnu++14";
				CLANG_CXX_LIBRARY = "libc++";
				CLANG_ENABLE_MODULES = YES;
				CLANG_ENABLE_OBJC_ARC = YES;
				CLANG_ENABLE_OBJC_WEAK = YES;
				CLANG_WARN_BLOCK_CAPTURE_AUTORELEASING = YES;
				CLANG_WARN_BOOL_CONVERSION = YES;
				CLANG_WARN_COMMA = YES;
				CLANG_WARN_CONSTANT_CONVERSION = YES;
				CLANG_WARN_DEPRECATED_OBJC_IMPLEMENTATIONS = YES;
				CLANG_WARN_DIRECT_OBJC_ISA_USAGE = YES_ERROR;
				CLANG_WARN_DOCUMENTATION_COMMENTS = YES;
				CLANG_WARN_EMPTY_BODY = YES;
				CLANG_WARN_ENUM_CONVERSION = YES;
				CLANG_WARN_INFINITE_RECURSION = YES;
				CLANG_WARN_INT_CONVERSION = YES;
				CLANG_WARN_NON_LITERAL_NULL_CONVERSION = YES;
				CLANG_WARN_OBJC_IMPLICIT_RETAIN_SELF = YES;
				CLANG_WARN_OBJC_LITERAL_CONVERSION = YES;
				CLANG_WARN_OBJC_ROOT_CLASS = YES_ERROR;
				CLANG_WARN_RANGE_LOOP_ANALYSIS = YES;
				CLANG_WARN_STRICT_PROTOTYPES = YES;
				CLANG_WARN_SUSPICIOUS_MOVE = YES;
				CLANG_WARN_UNGUARDED_AVAILABILITY = YES_AGGRESSIVE;
				CLANG_WARN_UNREACHABLE_CODE = YES;
				CLANG_WARN__DUPLICATE_METHOD_MATCH = YES;
				CODE_SIGN_IDENTITY = "iPhone Developer";
				COPY_PHASE_STRIP = NO;
				DEBUG_INFORMATION_FORMAT = "dwarf-with-dsym";
				ENABLE_NS_ASSERTIONS = NO;
				ENABLE_STRICT_OBJC_MSGSEND = YES;
				GCC_C_LANGUAGE_STANDARD = gnu11;
				GCC_NO_COMMON_BLOCKS = YES;
				GCC_WARN_64_TO_32_BIT_CONVERSION = YES;
				GCC_WARN_ABOUT_RETURN_TYPE = YES_ERROR;
				GCC_WARN_UNDECLARED_SELECTOR = YES;
				GCC_WARN_UNINITIALIZED_AUTOS = YES_AGGRESSIVE;
				GCC_WARN_UNUSED_FUNCTION = YES;
				GCC_WARN_UNUSED_VARIABLE = YES;
				IPHONEOS_DEPLOYMENT_TARGET = 12.1;
				MTL_ENABLE_DEBUG_INFO = NO;
				MTL_FAST_MATH = YES;
				SDKROOT = iphoneos;
				SWIFT_COMPILATION_MODE = wholemodule;
				SWIFT_OPTIMIZATION_LEVEL = "-O";
				VALIDATE_PRODUCT = YES;
			};
			name = Release;
		};
		361329132195AE5700C22703 /* Debug */ = {
			isa = XCBuildConfiguration;
			baseConfigurationReference = C1B81B9F12C2C28645D866C7 /* Pods-Grafficity.debug.xcconfig */;
			buildSettings = {
				ASSETCATALOG_COMPILER_APPICON_NAME = AppIcon;
				CODE_SIGN_STYLE = Automatic;
				DEVELOPMENT_TEAM = 3LUSBKM7UR;
				INFOPLIST_FILE = grafficity/Info.plist;
				LD_RUNPATH_SEARCH_PATHS = (
					"$(inherited)",
					"@executable_path/Frameworks",
				);
				PRODUCT_BUNDLE_IDENTIFIER = ru.doubletapp.grafficity.art;
				PRODUCT_NAME = "$(TARGET_NAME)";
				SWIFT_VERSION = 4.2;
				TARGETED_DEVICE_FAMILY = "1,2";
			};
			name = Debug;
		};
		361329142195AE5700C22703 /* Release */ = {
			isa = XCBuildConfiguration;
			baseConfigurationReference = 137E4FDAF797D52D0CB4E0EC /* Pods-Grafficity.release.xcconfig */;
			buildSettings = {
				ASSETCATALOG_COMPILER_APPICON_NAME = AppIcon;
				CODE_SIGN_STYLE = Automatic;
				DEVELOPMENT_TEAM = 3LUSBKM7UR;
				INFOPLIST_FILE = grafficity/Info.plist;
				LD_RUNPATH_SEARCH_PATHS = (
					"$(inherited)",
					"@executable_path/Frameworks",
				);
				PRODUCT_BUNDLE_IDENTIFIER = ru.doubletapp.grafficity.art;
				PRODUCT_NAME = "$(TARGET_NAME)";
				SWIFT_VERSION = 4.2;
				TARGETED_DEVICE_FAMILY = "1,2";
			};
			name = Release;
		};
/* End XCBuildConfiguration section */

/* Begin XCConfigurationList section */
		361328FB2195AE5400C22703 /* Build configuration list for PBXProject "grafficity" */ = {
			isa = XCConfigurationList;
			buildConfigurations = (
				361329102195AE5700C22703 /* Debug */,
				361329112195AE5700C22703 /* Release */,
			);
			defaultConfigurationIsVisible = 0;
			defaultConfigurationName = Release;
		};
		361329122195AE5700C22703 /* Build configuration list for PBXNativeTarget "Grafficity" */ = {
			isa = XCConfigurationList;
			buildConfigurations = (
				361329132195AE5700C22703 /* Debug */,
				361329142195AE5700C22703 /* Release */,
			);
			defaultConfigurationIsVisible = 0;
			defaultConfigurationName = Release;
		};
/* End XCConfigurationList section */
	};
	rootObject = 361328F82195AE5400C22703 /* Project object */;
}
