// !$*UTF8*$!
{
	archiveVersion = 1;
	classes = {
	};
	objectVersion = 50;
	objects = {

/* Begin PBXBuildFile section */
		361329042195AE5500C22703 /* AppDelegate.swift in Sources */ = {isa = PBXBuildFile; fileRef = 361329032195AE5500C22703 /* AppDelegate.swift */; };
		361329062195AE5500C22703 /* ViewController.swift in Sources */ = {isa = PBXBuildFile; fileRef = 361329052195AE5500C22703 /* ViewController.swift */; };
		361329092195AE5500C22703 /* Main.storyboard in Resources */ = {isa = PBXBuildFile; fileRef = 361329072195AE5500C22703 /* Main.storyboard */; };
		3613290B2195AE5700C22703 /* Assets.xcassets in Resources */ = {isa = PBXBuildFile; fileRef = 3613290A2195AE5700C22703 /* Assets.xcassets */; };
		3613290E2195AE5700C22703 /* LaunchScreen.storyboard in Resources */ = {isa = PBXBuildFile; fileRef = 3613290C2195AE5700C22703 /* LaunchScreen.storyboard */; };
		361329182195D3D400C22703 /* ARMapViewController.swift in Sources */ = {isa = PBXBuildFile; fileRef = 361329172195D3D400C22703 /* ARMapViewController.swift */; };
		361329252195D59E00C22703 /* CGPoint+Extensions.swift in Sources */ = {isa = PBXBuildFile; fileRef = 3613291B2195D59E00C22703 /* CGPoint+Extensions.swift */; };
		361329262195D59E00C22703 /* SceneLocationView.swift in Sources */ = {isa = PBXBuildFile; fileRef = 3613291C2195D59E00C22703 /* SceneLocationView.swift */; };
		361329272195D59E00C22703 /* LocationManager.swift in Sources */ = {isa = PBXBuildFile; fileRef = 3613291D2195D59E00C22703 /* LocationManager.swift */; };
		361329282195D59E00C22703 /* FloatingPoint+Radians.swift in Sources */ = {isa = PBXBuildFile; fileRef = 3613291E2195D59E00C22703 /* FloatingPoint+Radians.swift */; };
		361329292195D59E00C22703 /* SceneLocationEstimate+Extensions.swift in Sources */ = {isa = PBXBuildFile; fileRef = 3613291F2195D59E00C22703 /* SceneLocationEstimate+Extensions.swift */; };
		3613292A2195D59E00C22703 /* SCNNode+Extensions.swift in Sources */ = {isa = PBXBuildFile; fileRef = 361329202195D59E00C22703 /* SCNNode+Extensions.swift */; };
		3613292B2195D59E00C22703 /* SceneLocationEstimate.swift in Sources */ = {isa = PBXBuildFile; fileRef = 361329212195D59E00C22703 /* SceneLocationEstimate.swift */; };
		3613292C2195D59E00C22703 /* SCNVector3+Extensions.swift in Sources */ = {isa = PBXBuildFile; fileRef = 361329222195D59E00C22703 /* SCNVector3+Extensions.swift */; };
		3613292D2195D59E00C22703 /* LocationNode.swift in Sources */ = {isa = PBXBuildFile; fileRef = 361329232195D59E00C22703 /* LocationNode.swift */; };
		3613292E2195D59E00C22703 /* CLLocation+Extensions.swift in Sources */ = {isa = PBXBuildFile; fileRef = 361329242195D59E00C22703 /* CLLocation+Extensions.swift */; };
		361329332196E67600C22703 /* MainViewController.swift in Sources */ = {isa = PBXBuildFile; fileRef = 361329322196E67600C22703 /* MainViewController.swift */; };
		361329362197017B00C22703 /* Profile.storyboard in Resources */ = {isa = PBXBuildFile; fileRef = 361329352197017B00C22703 /* Profile.storyboard */; };
		361329382197018800C22703 /* ProfileViewController.swift in Sources */ = {isa = PBXBuildFile; fileRef = 361329372197018800C22703 /* ProfileViewController.swift */; };
		3613293A2197042700C22703 /* ProfileHeaderCell.xib in Resources */ = {isa = PBXBuildFile; fileRef = 361329392197042700C22703 /* ProfileHeaderCell.xib */; };
		3613293C21972D9A00C22703 /* ProfileFilterCell.xib in Resources */ = {isa = PBXBuildFile; fileRef = 3613293B21972D9A00C22703 /* ProfileFilterCell.xib */; };
		388F6888A1F834ACF29DAFA3 /* Pods_Grafficity.framework in Frameworks */ = {isa = PBXBuildFile; fileRef = EBEAE71338505420FFC5F7D9 /* Pods_Grafficity.framework */; };
		6E0CB48D2195D3CB00B6C90A /* ARObjectPlacementViewController.swift in Sources */ = {isa = PBXBuildFile; fileRef = 6E0CB48C2195D3CB00B6C90A /* ARObjectPlacementViewController.swift */; };
		6E0CB48F2195D9CE00B6C90A /* ARPlacementObject.storyboard in Resources */ = {isa = PBXBuildFile; fileRef = 6E0CB48E2195D9CE00B6C90A /* ARPlacementObject.storyboard */; };
		6E0CB4912196C0D600B6C90A /* StatusViewController.swift in Sources */ = {isa = PBXBuildFile; fileRef = 6E0CB4902196C0D600B6C90A /* StatusViewController.swift */; };
		6E0CB4932196E3E400B6C90A /* ARObject3DViewController.swift in Sources */ = {isa = PBXBuildFile; fileRef = 6E0CB4922196E3E400B6C90A /* ARObject3DViewController.swift */; };
		6E0CB4952196E4F300B6C90A /* ARObject3DViewController.storyboard in Resources */ = {isa = PBXBuildFile; fileRef = 6E0CB4942196E4F300B6C90A /* ARObject3DViewController.storyboard */; };
		6E0CB4B82196E94200B6C90A /* art.scnassets in Resources */ = {isa = PBXBuildFile; fileRef = 6E0CB4B72196E94200B6C90A /* art.scnassets */; };
		CC10CBA7219608C1001DB120 /* ImageUtils.swift in Sources */ = {isa = PBXBuildFile; fileRef = CC10CBA6219608C1001DB120 /* ImageUtils.swift */; };
		CC10CBA92196302A001DB120 /* GraffityRecord.swift in Sources */ = {isa = PBXBuildFile; fileRef = CC10CBA82196302A001DB120 /* GraffityRecord.swift */; };
		CC10CBAC21963161001DB120 /* ArtistRecord.swift in Sources */ = {isa = PBXBuildFile; fileRef = CC10CBAB21963161001DB120 /* ArtistRecord.swift */; };
		CC10CBAE21963409001DB120 /* ModelGenerator.swift in Sources */ = {isa = PBXBuildFile; fileRef = CC10CBAD21963409001DB120 /* ModelGenerator.swift */; };
		CC10CBB021965909001DB120 /* PreviewMarker.xib in Resources */ = {isa = PBXBuildFile; fileRef = CC10CBAF21965909001DB120 /* PreviewMarker.xib */; };
		CC10CBB221965921001DB120 /* PreviewMarker.swift in Sources */ = {isa = PBXBuildFile; fileRef = CC10CBB121965921001DB120 /* PreviewMarker.swift */; };
		CC10CBB421965B62001DB120 /* BaseView.swift in Sources */ = {isa = PBXBuildFile; fileRef = CC10CBB321965B62001DB120 /* BaseView.swift */; };
		CC10CBB62196C385001DB120 /* UIViewUtils.swift in Sources */ = {isa = PBXBuildFile; fileRef = CC10CBB52196C385001DB120 /* UIViewUtils.swift */; };
		CC10CBB8219718A4001DB120 /* ColorUtils.swift in Sources */ = {isa = PBXBuildFile; fileRef = CC10CBB7219718A4001DB120 /* ColorUtils.swift */; };
		CC56EEB72195D37E00EA9EE9 /* MapViewController.swift in Sources */ = {isa = PBXBuildFile; fileRef = CC56EEB62195D37E00EA9EE9 /* MapViewController.swift */; };
		CC56EEB92195D38D00EA9EE9 /* MapView.storyboard in Resources */ = {isa = PBXBuildFile; fileRef = CC56EEB82195D38D00EA9EE9 /* MapView.storyboard */; };
		CC56EEBB2195DFD500EA9EE9 /* MapStyle.json in Resources */ = {isa = PBXBuildFile; fileRef = CC56EEBA2195DDD500EA9EE9 /* MapStyle.json */; };
		F466925C54A5EE5398D8A8AC /* TableViewUtils.swift in Sources */ = {isa = PBXBuildFile; fileRef = F46692FB653880B2B94810BB /* TableViewUtils.swift */; };
		F466930649D311D43CB64503 /* ImageUtils.swift in Sources */ = {isa = PBXBuildFile; fileRef = F4669BADCD098F28B9034EAF /* ImageUtils.swift */; };
		F4669344C7F8B5A4FAEA94DC /* ProfileHeaderCell.swift in Sources */ = {isa = PBXBuildFile; fileRef = F466992334BD048DDD29D9BF /* ProfileHeaderCell.swift */; };
		F4669454E12C1D1900890FEB /* CollectionViewUtils.swift in Sources */ = {isa = PBXBuildFile; fileRef = F46694D4A06671DC9E1F1872 /* CollectionViewUtils.swift */; };
		F466948594E66FCF469EE50D /* ColorUtils.swift in Sources */ = {isa = PBXBuildFile; fileRef = F4669C3BCCE1BECBC4A15356 /* ColorUtils.swift */; };
		F46699CD5999FBF176D8B765 /* BaseCollectionViewCell.swift in Sources */ = {isa = PBXBuildFile; fileRef = F4669AE17D2601BA0D12CF8F /* BaseCollectionViewCell.swift */; };
		F4669EB67289415DAC5A1553 /* BaseTableViewCell.swift in Sources */ = {isa = PBXBuildFile; fileRef = F4669E10CC48746278540913 /* BaseTableViewCell.swift */; };
		F4669FE6C773C9E600D61445 /* ProfileFilterCell.swift in Sources */ = {isa = PBXBuildFile; fileRef = F466925A7975BFFFAD238BC7 /* ProfileFilterCell.swift */; };
/* End PBXBuildFile section */

/* Begin PBXFileReference section */
		137E4FDAF797D52D0CB4E0EC /* Pods-Grafficity.release.xcconfig */ = {isa = PBXFileReference; includeInIndex = 1; lastKnownFileType = text.xcconfig; name = "Pods-Grafficity.release.xcconfig"; path = "Pods/Target Support Files/Pods-Grafficity/Pods-Grafficity.release.xcconfig"; sourceTree = "<group>"; };
		361329002195AE5500C22703 /* Grafficity.app */ = {isa = PBXFileReference; explicitFileType = wrapper.application; includeInIndex = 0; path = Grafficity.app; sourceTree = BUILT_PRODUCTS_DIR; };
		361329032195AE5500C22703 /* AppDelegate.swift */ = {isa = PBXFileReference; lastKnownFileType = sourcecode.swift; path = AppDelegate.swift; sourceTree = "<group>"; };
		361329052195AE5500C22703 /* ViewController.swift */ = {isa = PBXFileReference; lastKnownFileType = sourcecode.swift; path = ViewController.swift; sourceTree = "<group>"; };
		361329082195AE5500C22703 /* Base */ = {isa = PBXFileReference; lastKnownFileType = file.storyboard; name = Base; path = Base.lproj/Main.storyboard; sourceTree = "<group>"; };
		3613290A2195AE5700C22703 /* Assets.xcassets */ = {isa = PBXFileReference; lastKnownFileType = folder.assetcatalog; path = Assets.xcassets; sourceTree = "<group>"; };
		3613290D2195AE5700C22703 /* Base */ = {isa = PBXFileReference; lastKnownFileType = file.storyboard; name = Base; path = Base.lproj/LaunchScreen.storyboard; sourceTree = "<group>"; };
		3613290F2195AE5700C22703 /* Info.plist */ = {isa = PBXFileReference; lastKnownFileType = text.plist.xml; path = Info.plist; sourceTree = "<group>"; };
		361329172195D3D400C22703 /* ARMapViewController.swift */ = {isa = PBXFileReference; lastKnownFileType = sourcecode.swift; path = ARMapViewController.swift; sourceTree = "<group>"; };
		3613291B2195D59E00C22703 /* CGPoint+Extensions.swift */ = {isa = PBXFileReference; fileEncoding = 4; lastKnownFileType = sourcecode.swift; path = "CGPoint+Extensions.swift"; sourceTree = "<group>"; };
		3613291C2195D59E00C22703 /* SceneLocationView.swift */ = {isa = PBXFileReference; fileEncoding = 4; lastKnownFileType = sourcecode.swift; path = SceneLocationView.swift; sourceTree = "<group>"; };
		3613291D2195D59E00C22703 /* LocationManager.swift */ = {isa = PBXFileReference; fileEncoding = 4; lastKnownFileType = sourcecode.swift; path = LocationManager.swift; sourceTree = "<group>"; };
		3613291E2195D59E00C22703 /* FloatingPoint+Radians.swift */ = {isa = PBXFileReference; fileEncoding = 4; lastKnownFileType = sourcecode.swift; path = "FloatingPoint+Radians.swift"; sourceTree = "<group>"; };
		3613291F2195D59E00C22703 /* SceneLocationEstimate+Extensions.swift */ = {isa = PBXFileReference; fileEncoding = 4; lastKnownFileType = sourcecode.swift; path = "SceneLocationEstimate+Extensions.swift"; sourceTree = "<group>"; };
		361329202195D59E00C22703 /* SCNNode+Extensions.swift */ = {isa = PBXFileReference; fileEncoding = 4; lastKnownFileType = sourcecode.swift; path = "SCNNode+Extensions.swift"; sourceTree = "<group>"; };
		361329212195D59E00C22703 /* SceneLocationEstimate.swift */ = {isa = PBXFileReference; fileEncoding = 4; lastKnownFileType = sourcecode.swift; path = SceneLocationEstimate.swift; sourceTree = "<group>"; };
		361329222195D59E00C22703 /* SCNVector3+Extensions.swift */ = {isa = PBXFileReference; fileEncoding = 4; lastKnownFileType = sourcecode.swift; path = "SCNVector3+Extensions.swift"; sourceTree = "<group>"; };
		361329232195D59E00C22703 /* LocationNode.swift */ = {isa = PBXFileReference; fileEncoding = 4; lastKnownFileType = sourcecode.swift; path = LocationNode.swift; sourceTree = "<group>"; };
		361329242195D59E00C22703 /* CLLocation+Extensions.swift */ = {isa = PBXFileReference; fileEncoding = 4; lastKnownFileType = sourcecode.swift; path = "CLLocation+Extensions.swift"; sourceTree = "<group>"; };
		361329322196E67600C22703 /* MainViewController.swift */ = {isa = PBXFileReference; lastKnownFileType = sourcecode.swift; path = MainViewController.swift; sourceTree = "<group>"; };
		361329352197017B00C22703 /* Profile.storyboard */ = {isa = PBXFileReference; lastKnownFileType = file.storyboard; path = Profile.storyboard; sourceTree = "<group>"; };
		361329372197018800C22703 /* ProfileViewController.swift */ = {isa = PBXFileReference; lastKnownFileType = sourcecode.swift; path = ProfileViewController.swift; sourceTree = "<group>"; };
		361329392197042700C22703 /* ProfileHeaderCell.xib */ = {isa = PBXFileReference; lastKnownFileType = file.xib; path = ProfileHeaderCell.xib; sourceTree = "<group>"; };
		3613293B21972D9A00C22703 /* ProfileFilterCell.xib */ = {isa = PBXFileReference; lastKnownFileType = file.xib; path = ProfileFilterCell.xib; sourceTree = "<group>"; };
		6E0CB48C2195D3CB00B6C90A /* ARObjectPlacementViewController.swift */ = {isa = PBXFileReference; lastKnownFileType = sourcecode.swift; path = ARObjectPlacementViewController.swift; sourceTree = "<group>"; };
		6E0CB48E2195D9CE00B6C90A /* ARPlacementObject.storyboard */ = {isa = PBXFileReference; lastKnownFileType = file.storyboard; path = ARPlacementObject.storyboard; sourceTree = "<group>"; };
		6E0CB4902196C0D600B6C90A /* StatusViewController.swift */ = {isa = PBXFileReference; fileEncoding = 4; lastKnownFileType = sourcecode.swift; path = StatusViewController.swift; sourceTree = "<group>"; };
		6E0CB4922196E3E400B6C90A /* ARObject3DViewController.swift */ = {isa = PBXFileReference; lastKnownFileType = sourcecode.swift; path = ARObject3DViewController.swift; sourceTree = "<group>"; };
		6E0CB4942196E4F300B6C90A /* ARObject3DViewController.storyboard */ = {isa = PBXFileReference; lastKnownFileType = file.storyboard; path = ARObject3DViewController.storyboard; sourceTree = "<group>"; };
		6E0CB4B72196E94200B6C90A /* art.scnassets */ = {isa = PBXFileReference; lastKnownFileType = wrapper.scnassets; path = art.scnassets; sourceTree = "<group>"; };
		C1B81B9F12C2C28645D866C7 /* Pods-Grafficity.debug.xcconfig */ = {isa = PBXFileReference; includeInIndex = 1; lastKnownFileType = text.xcconfig; name = "Pods-Grafficity.debug.xcconfig"; path = "Pods/Target Support Files/Pods-Grafficity/Pods-Grafficity.debug.xcconfig"; sourceTree = "<group>"; };
		CC10CBA6219608C1001DB120 /* ImageUtils.swift */ = {isa = PBXFileReference; lastKnownFileType = sourcecode.swift; path = ImageUtils.swift; sourceTree = "<group>"; };
		CC10CBA82196302A001DB120 /* GraffityRecord.swift */ = {isa = PBXFileReference; lastKnownFileType = sourcecode.swift; path = GraffityRecord.swift; sourceTree = "<group>"; };
		CC10CBAB21963161001DB120 /* ArtistRecord.swift */ = {isa = PBXFileReference; lastKnownFileType = sourcecode.swift; path = ArtistRecord.swift; sourceTree = "<group>"; };
		CC10CBAD21963409001DB120 /* ModelGenerator.swift */ = {isa = PBXFileReference; lastKnownFileType = sourcecode.swift; path = ModelGenerator.swift; sourceTree = "<group>"; };
		CC10CBAF21965909001DB120 /* PreviewMarker.xib */ = {isa = PBXFileReference; lastKnownFileType = file.xib; path = PreviewMarker.xib; sourceTree = "<group>"; };
		CC10CBB121965921001DB120 /* PreviewMarker.swift */ = {isa = PBXFileReference; lastKnownFileType = sourcecode.swift; path = PreviewMarker.swift; sourceTree = "<group>"; };
		CC10CBB321965B62001DB120 /* BaseView.swift */ = {isa = PBXFileReference; lastKnownFileType = sourcecode.swift; path = BaseView.swift; sourceTree = "<group>"; };
		CC10CBB52196C385001DB120 /* UIViewUtils.swift */ = {isa = PBXFileReference; lastKnownFileType = sourcecode.swift; path = UIViewUtils.swift; sourceTree = "<group>"; };
		CC10CBB7219718A4001DB120 /* ColorUtils.swift */ = {isa = PBXFileReference; lastKnownFileType = sourcecode.swift; path = ColorUtils.swift; sourceTree = "<group>"; };
		CC56EEB62195D37E00EA9EE9 /* MapViewController.swift */ = {isa = PBXFileReference; lastKnownFileType = sourcecode.swift; path = MapViewController.swift; sourceTree = "<group>"; };
		CC56EEB82195D38D00EA9EE9 /* MapView.storyboard */ = {isa = PBXFileReference; lastKnownFileType = file.storyboard; path = MapView.storyboard; sourceTree = "<group>"; };
		CC56EEBA2195DDD500EA9EE9 /* MapStyle.json */ = {isa = PBXFileReference; lastKnownFileType = text.json; path = MapStyle.json; sourceTree = "<group>"; };
		EBEAE71338505420FFC5F7D9 /* Pods_Grafficity.framework */ = {isa = PBXFileReference; explicitFileType = wrapper.framework; includeInIndex = 0; path = Pods_Grafficity.framework; sourceTree = BUILT_PRODUCTS_DIR; };
		F466925A7975BFFFAD238BC7 /* ProfileFilterCell.swift */ = {isa = PBXFileReference; fileEncoding = 4; lastKnownFileType = sourcecode.swift; path = ProfileFilterCell.swift; sourceTree = "<group>"; };
		F46692FB653880B2B94810BB /* TableViewUtils.swift */ = {isa = PBXFileReference; fileEncoding = 4; lastKnownFileType = sourcecode.swift; path = TableViewUtils.swift; sourceTree = "<group>"; };
		F46694D4A06671DC9E1F1872 /* CollectionViewUtils.swift */ = {isa = PBXFileReference; fileEncoding = 4; lastKnownFileType = sourcecode.swift; path = CollectionViewUtils.swift; sourceTree = "<group>"; };
		F466992334BD048DDD29D9BF /* ProfileHeaderCell.swift */ = {isa = PBXFileReference; fileEncoding = 4; lastKnownFileType = sourcecode.swift; path = ProfileHeaderCell.swift; sourceTree = "<group>"; };
		F4669AE17D2601BA0D12CF8F /* BaseCollectionViewCell.swift */ = {isa = PBXFileReference; fileEncoding = 4; lastKnownFileType = sourcecode.swift; path = BaseCollectionViewCell.swift; sourceTree = "<group>"; };
		F4669BADCD098F28B9034EAF /* ImageUtils.swift */ = {isa = PBXFileReference; fileEncoding = 4; lastKnownFileType = sourcecode.swift; path = ImageUtils.swift; sourceTree = "<group>"; };
		F4669C3BCCE1BECBC4A15356 /* ColorUtils.swift */ = {isa = PBXFileReference; fileEncoding = 4; lastKnownFileType = sourcecode.swift; path = ColorUtils.swift; sourceTree = "<group>"; };
		F4669E10CC48746278540913 /* BaseTableViewCell.swift */ = {isa = PBXFileReference; fileEncoding = 4; lastKnownFileType = sourcecode.swift; path = BaseTableViewCell.swift; sourceTree = "<group>"; };
/* End PBXFileReference section */

/* Begin PBXFrameworksBuildPhase section */
		361328FD2195AE5500C22703 /* Frameworks */ = {
			isa = PBXFrameworksBuildPhase;
			buildActionMask = 2147483647;
			files = (
				388F6888A1F834ACF29DAFA3 /* Pods_Grafficity.framework in Frameworks */,
			);
			runOnlyForDeploymentPostprocessing = 0;
		};
/* End PBXFrameworksBuildPhase section */

/* Begin PBXGroup section */
		361328F72195AE5400C22703 = {
			isa = PBXGroup;
			children = (
				361329022195AE5500C22703 /* grafficity */,
				361329012195AE5500C22703 /* Products */,
				D6C070E6D3F372A31CDF6F82 /* Pods */,
				8D76646A2AF0BA911399190F /* Frameworks */,
			);
			sourceTree = "<group>";
		};
		361329012195AE5500C22703 /* Products */ = {
			isa = PBXGroup;
			children = (
				361329002195AE5500C22703 /* Grafficity.app */,
			);
			name = Products;
			sourceTree = "<group>";
		};
		361329022195AE5500C22703 /* grafficity */ = {
			isa = PBXGroup;
			children = (
				361329152195D2E400C22703 /* view_controllers */,
				CC56EEB52195CF2700EA9EE9 /* map */,
				CC10CBA5219608B1001DB120 /* utils */,
				CC10CBAA2196313F001DB120 /* model */,
				361329192195D3E000C22703 /* utils */,
				361329032195AE5500C22703 /* AppDelegate.swift */,
				361329052195AE5500C22703 /* ViewController.swift */,
				361329072195AE5500C22703 /* Main.storyboard */,
				3613290A2195AE5700C22703 /* Assets.xcassets */,
				6E0CB4B72196E94200B6C90A /* art.scnassets */,
				3613290C2195AE5700C22703 /* LaunchScreen.storyboard */,
				3613290F2195AE5700C22703 /* Info.plist */,
			);
			path = grafficity;
			sourceTree = "<group>";
		};
		361329152195D2E400C22703 /* view_controllers */ = {
			isa = PBXGroup;
			children = (
				6EE5F4BE219729000025D1DC /* ARObject */,
				6EE5F4BD219728D80025D1DC /* ARBodrov */,
				361329342197016600C22703 /* ProfileScreen */,
				3613292F2196E62C00C22703 /* MainScreen */,
				361329162195D3B600C22703 /* ARMap */,
			);
			path = view_controllers;
			sourceTree = "<group>";
		};
		361329162195D3B600C22703 /* ARMap */ = {
			isa = PBXGroup;
			children = (
				361329172195D3D400C22703 /* ARMapViewController.swift */,
			);
			path = ARMap;
			sourceTree = "<group>";
		};
		361329192195D3E000C22703 /* utils */ = {
			isa = PBXGroup;
			children = (
				3613291A2195D51500C22703 /* ARCL */,
				F4669BADCD098F28B9034EAF /* ImageUtils.swift */,
				F4669C3BCCE1BECBC4A15356 /* ColorUtils.swift */,
				F46692FB653880B2B94810BB /* TableViewUtils.swift */,
				F4669E10CC48746278540913 /* BaseTableViewCell.swift */,
				F46694D4A06671DC9E1F1872 /* CollectionViewUtils.swift */,
				F4669AE17D2601BA0D12CF8F /* BaseCollectionViewCell.swift */,
			);
			path = utils;
			sourceTree = "<group>";
		};
		3613291A2195D51500C22703 /* ARCL */ = {
			isa = PBXGroup;
			children = (
				3613291B2195D59E00C22703 /* CGPoint+Extensions.swift */,
				361329242195D59E00C22703 /* CLLocation+Extensions.swift */,
				3613291E2195D59E00C22703 /* FloatingPoint+Radians.swift */,
				3613291D2195D59E00C22703 /* LocationManager.swift */,
				361329232195D59E00C22703 /* LocationNode.swift */,
				361329212195D59E00C22703 /* SceneLocationEstimate.swift */,
				3613291F2195D59E00C22703 /* SceneLocationEstimate+Extensions.swift */,
				3613291C2195D59E00C22703 /* SceneLocationView.swift */,
				361329202195D59E00C22703 /* SCNNode+Extensions.swift */,
				361329222195D59E00C22703 /* SCNVector3+Extensions.swift */,
			);
			path = ARCL;
			sourceTree = "<group>";
		};
		3613292F2196E62C00C22703 /* MainScreen */ = {
			isa = PBXGroup;
			children = (
				361329322196E67600C22703 /* MainViewController.swift */,
			);
			path = MainScreen;
			sourceTree = "<group>";
		};
		361329342197016600C22703 /* ProfileScreen */ = {
			isa = PBXGroup;
			children = (
				361329352197017B00C22703 /* Profile.storyboard */,
				361329372197018800C22703 /* ProfileViewController.swift */,
				F46691766237A349C7E10527 /* cells */,
			);
			path = ProfileScreen;
			sourceTree = "<group>";
		};
		6EE5F4BD219728D80025D1DC /* ARBodrov */ = {
			isa = PBXGroup;
			children = (
				6E0CB48C2195D3CB00B6C90A /* ARObjectPlacementViewController.swift */,
				6E0CB4902196C0D600B6C90A /* StatusViewController.swift */,
				6E0CB48E2195D9CE00B6C90A /* ARPlacementObject.storyboard */,
			);
			path = ARBodrov;
			sourceTree = "<group>";
		};
		6EE5F4BE219729000025D1DC /* ARObject */ = {
			isa = PBXGroup;
			children = (
				6E0CB4922196E3E400B6C90A /* ARObject3DViewController.swift */,
				6E0CB4942196E4F300B6C90A /* ARObject3DViewController.storyboard */,
			);
			path = ARObject;
			sourceTree = "<group>";
		};
		8D76646A2AF0BA911399190F /* Frameworks */ = {
			isa = PBXGroup;
			children = (
				EBEAE71338505420FFC5F7D9 /* Pods_Grafficity.framework */,
			);
			name = Frameworks;
			sourceTree = "<group>";
		};
		CC10CBA5219608B1001DB120 /* utils */ = {
			isa = PBXGroup;
			children = (
				CC10CBA6219608C1001DB120 /* ImageUtils.swift */,
				CC10CBB52196C385001DB120 /* UIViewUtils.swift */,
				CC10CBB7219718A4001DB120 /* ColorUtils.swift */,
			);
			path = utils;
			sourceTree = "<group>";
		};
		CC10CBAA2196313F001DB120 /* model */ = {
			isa = PBXGroup;
			children = (
				CC10CBA82196302A001DB120 /* GraffityRecord.swift */,
				CC10CBAB21963161001DB120 /* ArtistRecord.swift */,
				CC10CBAD21963409001DB120 /* ModelGenerator.swift */,
			);
			path = model;
			sourceTree = "<group>";
		};
		CC56EEB52195CF2700EA9EE9 /* map */ = {
			isa = PBXGroup;
			children = (
				CC56EEB62195D37E00EA9EE9 /* MapViewController.swift */,
				CC56EEB82195D38D00EA9EE9 /* MapView.storyboard */,
				CC56EEBA2195DDD500EA9EE9 /* MapStyle.json */,
				CC10CBAF21965909001DB120 /* PreviewMarker.xib */,
				CC10CBB121965921001DB120 /* PreviewMarker.swift */,
				CC10CBB321965B62001DB120 /* BaseView.swift */,
			);
			path = map;
			sourceTree = "<group>";
		};
		D6C070E6D3F372A31CDF6F82 /* Pods */ = {
			isa = PBXGroup;
			children = (
				C1B81B9F12C2C28645D866C7 /* Pods-Grafficity.debug.xcconfig */,
				137E4FDAF797D52D0CB4E0EC /* Pods-Grafficity.release.xcconfig */,
			);
			name = Pods;
			sourceTree = "<group>";
		};
		F46691766237A349C7E10527 /* cells */ = {
			isa = PBXGroup;
			children = (
				F466992334BD048DDD29D9BF /* ProfileHeaderCell.swift */,
				361329392197042700C22703 /* ProfileHeaderCell.xib */,
				F466925A7975BFFFAD238BC7 /* ProfileFilterCell.swift */,
				3613293B21972D9A00C22703 /* ProfileFilterCell.xib */,
			);
			path = cells;
			sourceTree = "<group>";
		};
/* End PBXGroup section */

/* Begin PBXNativeTarget section */
		361328FF2195AE5500C22703 /* Grafficity */ = {
			isa = PBXNativeTarget;
			buildConfigurationList = 361329122195AE5700C22703 /* Build configuration list for PBXNativeTarget "Grafficity" */;
			buildPhases = (
				31A51DBBDB4D1796963F0404 /* [CP] Check Pods Manifest.lock */,
				361328FC2195AE5500C22703 /* Sources */,
				361328FD2195AE5500C22703 /* Frameworks */,
				361328FE2195AE5500C22703 /* Resources */,
				6D1C4BAD9E3C7AB8C4B68582 /* [CP] Copy Pods Resources */,
			);
			buildRules = (
			);
			dependencies = (
			);
			name = Grafficity;
			productName = grafficity;
			productReference = 361329002195AE5500C22703 /* Grafficity.app */;
			productType = "com.apple.product-type.application";
		};
/* End PBXNativeTarget section */

/* Begin PBXProject section */
		361328F82195AE5400C22703 /* Project object */ = {
			isa = PBXProject;
			attributes = {
				LastSwiftUpdateCheck = 1010;
				LastUpgradeCheck = 1010;
				ORGANIZATIONNAME = doubletapp;
				TargetAttributes = {
					361328FF2195AE5500C22703 = {
						CreatedOnToolsVersion = 10.1;
					};
				};
			};
			buildConfigurationList = 361328FB2195AE5400C22703 /* Build configuration list for PBXProject "grafficity" */;
			compatibilityVersion = "Xcode 9.3";
			developmentRegion = en;
			hasScannedForEncodings = 0;
			knownRegions = (
				en,
				Base,
			);
			mainGroup = 361328F72195AE5400C22703;
			productRefGroup = 361329012195AE5500C22703 /* Products */;
			projectDirPath = "";
			projectRoot = "";
			targets = (
				361328FF2195AE5500C22703 /* Grafficity */,
			);
		};
/* End PBXProject section */

/* Begin PBXResourcesBuildPhase section */
		361328FE2195AE5500C22703 /* Resources */ = {
			isa = PBXResourcesBuildPhase;
			buildActionMask = 2147483647;
			files = (
				CC10CBB021965909001DB120 /* PreviewMarker.xib in Resources */,
				3613290E2195AE5700C22703 /* LaunchScreen.storyboard in Resources */,
				6E0CB4B82196E94200B6C90A /* art.scnassets in Resources */,
				6E0CB4952196E4F300B6C90A /* ARObject3DViewController.storyboard in Resources */,
				CC56EEBB2195DFD500EA9EE9 /* MapStyle.json in Resources */,
				3613290B2195AE5700C22703 /* Assets.xcassets in Resources */,
				6E0CB48F2195D9CE00B6C90A /* ARPlacementObject.storyboard in Resources */,
				361329362197017B00C22703 /* Profile.storyboard in Resources */,
				3613293A2197042700C22703 /* ProfileHeaderCell.xib in Resources */,
				3613293C21972D9A00C22703 /* ProfileFilterCell.xib in Resources */,
				CC56EEB92195D38D00EA9EE9 /* MapView.storyboard in Resources */,
				361329092195AE5500C22703 /* Main.storyboard in Resources */,
			);
			runOnlyForDeploymentPostprocessing = 0;
		};
/* End PBXResourcesBuildPhase section */

/* Begin PBXShellScriptBuildPhase section */
		31A51DBBDB4D1796963F0404 /* [CP] Check Pods Manifest.lock */ = {
			isa = PBXShellScriptBuildPhase;
			buildActionMask = 2147483647;
			files = (
			);
			inputPaths = (
				"${PODS_PODFILE_DIR_PATH}/Podfile.lock",
				"${PODS_ROOT}/Manifest.lock",
			);
			name = "[CP] Check Pods Manifest.lock";
			outputPaths = (
				"$(DERIVED_FILE_DIR)/Pods-Grafficity-checkManifestLockResult.txt",
			);
			runOnlyForDeploymentPostprocessing = 0;
			shellPath = /bin/sh;
			shellScript = "diff \"${PODS_PODFILE_DIR_PATH}/Podfile.lock\" \"${PODS_ROOT}/Manifest.lock\" > /dev/null\nif [ $? != 0 ] ; then\n    # print error to STDERR\n    echo \"error: The sandbox is not in sync with the Podfile.lock. Run 'pod install' or update your CocoaPods installation.\" >&2\n    exit 1\nfi\n# This output is used by Xcode 'outputs' to avoid re-running this script phase.\necho \"SUCCESS\" > \"${SCRIPT_OUTPUT_FILE_0}\"\n";
			showEnvVarsInLog = 0;
		};
		6D1C4BAD9E3C7AB8C4B68582 /* [CP] Copy Pods Resources */ = {
			isa = PBXShellScriptBuildPhase;
			buildActionMask = 2147483647;
			files = (
			);
			inputPaths = (
				"${SRCROOT}/Pods/Target Support Files/Pods-Grafficity/Pods-Grafficity-resources.sh",
				"${PODS_ROOT}/GoogleMaps/Maps/Frameworks/GoogleMaps.framework/Resources/GoogleMaps.bundle",
			);
			name = "[CP] Copy Pods Resources";
			outputPaths = (
				"${TARGET_BUILD_DIR}/${UNLOCALIZED_RESOURCES_FOLDER_PATH}/GoogleMaps.bundle",
			);
			runOnlyForDeploymentPostprocessing = 0;
			shellPath = /bin/sh;
			shellScript = "\"${SRCROOT}/Pods/Target Support Files/Pods-Grafficity/Pods-Grafficity-resources.sh\"\n";
			showEnvVarsInLog = 0;
		};
/* End PBXShellScriptBuildPhase section */

/* Begin PBXSourcesBuildPhase section */
		361328FC2195AE5500C22703 /* Sources */ = {
			isa = PBXSourcesBuildPhase;
			buildActionMask = 2147483647;
			files = (
				6E0CB4912196C0D600B6C90A /* StatusViewController.swift in Sources */,
				6E0CB48D2195D3CB00B6C90A /* ARObjectPlacementViewController.swift in Sources */,
				3613292D2195D59E00C22703 /* LocationNode.swift in Sources */,
				361329262195D59E00C22703 /* SceneLocationView.swift in Sources */,
				3613292B2195D59E00C22703 /* SceneLocationEstimate.swift in Sources */,
				361329182195D3D400C22703 /* ARMapViewController.swift in Sources */,
				3613292E2195D59E00C22703 /* CLLocation+Extensions.swift in Sources */,
				361329272195D59E00C22703 /* LocationManager.swift in Sources */,
				3613292A2195D59E00C22703 /* SCNNode+Extensions.swift in Sources */,
				361329382197018800C22703 /* ProfileViewController.swift in Sources */,
				CC10CBB62196C385001DB120 /* UIViewUtils.swift in Sources */,
				361329062195AE5500C22703 /* ViewController.swift in Sources */,
				CC10CBAC21963161001DB120 /* ArtistRecord.swift in Sources */,
				CC10CBB221965921001DB120 /* PreviewMarker.swift in Sources */,
				CC56EEB72195D37E00EA9EE9 /* MapViewController.swift in Sources */,
				CC10CBA7219608C1001DB120 /* ImageUtils.swift in Sources */,
				361329252195D59E00C22703 /* CGPoint+Extensions.swift in Sources */,
				361329332196E67600C22703 /* MainViewController.swift in Sources */,
				361329042195AE5500C22703 /* AppDelegate.swift in Sources */,
				CC10CBB421965B62001DB120 /* BaseView.swift in Sources */,
				CC10CBB8219718A4001DB120 /* ColorUtils.swift in Sources */,
				CC10CBAE21963409001DB120 /* ModelGenerator.swift in Sources */,
				CC10CBA92196302A001DB120 /* GraffityRecord.swift in Sources */,
				6E0CB4932196E3E400B6C90A /* ARObject3DViewController.swift in Sources */,
				361329282195D59E00C22703 /* FloatingPoint+Radians.swift in Sources */,
				361329292195D59E00C22703 /* SceneLocationEstimate+Extensions.swift in Sources */,
				3613292C2195D59E00C22703 /* SCNVector3+Extensions.swift in Sources */,
				F466930649D311D43CB64503 /* ImageUtils.swift in Sources */,
				F466948594E66FCF469EE50D /* ColorUtils.swift in Sources */,
				F466925C54A5EE5398D8A8AC /* TableViewUtils.swift in Sources */,
				F4669EB67289415DAC5A1553 /* BaseTableViewCell.swift in Sources */,
				F4669344C7F8B5A4FAEA94DC /* ProfileHeaderCell.swift in Sources */,
				F4669454E12C1D1900890FEB /* CollectionViewUtils.swift in Sources */,
				F46699CD5999FBF176D8B765 /* BaseCollectionViewCell.swift in Sources */,
				F4669FE6C773C9E600D61445 /* ProfileFilterCell.swift in Sources */,
			);
			runOnlyForDeploymentPostprocessing = 0;
		};
/* End PBXSourcesBuildPhase section */

/* Begin PBXVariantGroup section */
		361329072195AE5500C22703 /* Main.storyboard */ = {
			isa = PBXVariantGroup;
			children = (
				361329082195AE5500C22703 /* Base */,
			);
			name = Main.storyboard;
			sourceTree = "<group>";
		};
		3613290C2195AE5700C22703 /* LaunchScreen.storyboard */ = {
			isa = PBXVariantGroup;
			children = (
				3613290D2195AE5700C22703 /* Base */,
			);
			name = LaunchScreen.storyboard;
			sourceTree = "<group>";
		};
/* End PBXVariantGroup section */

/* Begin XCBuildConfiguration section */
		361329102195AE5700C22703 /* Debug */ = {
			isa = XCBuildConfiguration;
			buildSettings = {
				ALWAYS_SEARCH_USER_PATHS = NO;
				CLANG_ANALYZER_NONNULL = YES;
				CLANG_ANALYZER_NUMBER_OBJECT_CONVERSION = YES_AGGRESSIVE;
				CLANG_CXX_LANGUAGE_STANDARD = "gnu++14";
				CLANG_CXX_LIBRARY = "libc++";
				CLANG_ENABLE_MODULES = YES;
				CLANG_ENABLE_OBJC_ARC = YES;
				CLANG_ENABLE_OBJC_WEAK = YES;
				CLANG_WARN_BLOCK_CAPTURE_AUTORELEASING = YES;
				CLANG_WARN_BOOL_CONVERSION = YES;
				CLANG_WARN_COMMA = YES;
				CLANG_WARN_CONSTANT_CONVERSION = YES;
				CLANG_WARN_DEPRECATED_OBJC_IMPLEMENTATIONS = YES;
				CLANG_WARN_DIRECT_OBJC_ISA_USAGE = YES_ERROR;
				CLANG_WARN_DOCUMENTATION_COMMENTS = YES;
				CLANG_WARN_EMPTY_BODY = YES;
				CLANG_WARN_ENUM_CONVERSION = YES;
				CLANG_WARN_INFINITE_RECURSION = YES;
				CLANG_WARN_INT_CONVERSION = YES;
				CLANG_WARN_NON_LITERAL_NULL_CONVERSION = YES;
				CLANG_WARN_OBJC_IMPLICIT_RETAIN_SELF = YES;
				CLANG_WARN_OBJC_LITERAL_CONVERSION = YES;
				CLANG_WARN_OBJC_ROOT_CLASS = YES_ERROR;
				CLANG_WARN_RANGE_LOOP_ANALYSIS = YES;
				CLANG_WARN_STRICT_PROTOTYPES = YES;
				CLANG_WARN_SUSPICIOUS_MOVE = YES;
				CLANG_WARN_UNGUARDED_AVAILABILITY = YES_AGGRESSIVE;
				CLANG_WARN_UNREACHABLE_CODE = YES;
				CLANG_WARN__DUPLICATE_METHOD_MATCH = YES;
				CODE_SIGN_IDENTITY = "iPhone Developer";
				COPY_PHASE_STRIP = NO;
				DEBUG_INFORMATION_FORMAT = dwarf;
				ENABLE_STRICT_OBJC_MSGSEND = YES;
				ENABLE_TESTABILITY = YES;
				GCC_C_LANGUAGE_STANDARD = gnu11;
				GCC_DYNAMIC_NO_PIC = NO;
				GCC_NO_COMMON_BLOCKS = YES;
				GCC_OPTIMIZATION_LEVEL = 0;
				GCC_PREPROCESSOR_DEFINITIONS = (
					"DEBUG=1",
					"$(inherited)",
				);
				GCC_WARN_64_TO_32_BIT_CONVERSION = YES;
				GCC_WARN_ABOUT_RETURN_TYPE = YES_ERROR;
				GCC_WARN_UNDECLARED_SELECTOR = YES;
				GCC_WARN_UNINITIALIZED_AUTOS = YES_AGGRESSIVE;
				GCC_WARN_UNUSED_FUNCTION = YES;
				GCC_WARN_UNUSED_VARIABLE = YES;
				IPHONEOS_DEPLOYMENT_TARGET = 12.1;
				MTL_ENABLE_DEBUG_INFO = INCLUDE_SOURCE;
				MTL_FAST_MATH = YES;
				ONLY_ACTIVE_ARCH = YES;
				SDKROOT = iphoneos;
				SWIFT_ACTIVE_COMPILATION_CONDITIONS = DEBUG;
				SWIFT_OPTIMIZATION_LEVEL = "-Onone";
			};
			name = Debug;
		};
		361329112195AE5700C22703 /* Release */ = {
			isa = XCBuildConfiguration;
			buildSettings = {
				ALWAYS_SEARCH_USER_PATHS = NO;
				CLANG_ANALYZER_NONNULL = YES;
				CLANG_ANALYZER_NUMBER_OBJECT_CONVERSION = YES_AGGRESSIVE;
				CLANG_CXX_LANGUAGE_STANDARD = "gnu++14";
				CLANG_CXX_LIBRARY = "libc++";
				CLANG_ENABLE_MODULES = YES;
				CLANG_ENABLE_OBJC_ARC = YES;
				CLANG_ENABLE_OBJC_WEAK = YES;
				CLANG_WARN_BLOCK_CAPTURE_AUTORELEASING = YES;
				CLANG_WARN_BOOL_CONVERSION = YES;
				CLANG_WARN_COMMA = YES;
				CLANG_WARN_CONSTANT_CONVERSION = YES;
				CLANG_WARN_DEPRECATED_OBJC_IMPLEMENTATIONS = YES;
				CLANG_WARN_DIRECT_OBJC_ISA_USAGE = YES_ERROR;
				CLANG_WARN_DOCUMENTATION_COMMENTS = YES;
				CLANG_WARN_EMPTY_BODY = YES;
				CLANG_WARN_ENUM_CONVERSION = YES;
				CLANG_WARN_INFINITE_RECURSION = YES;
				CLANG_WARN_INT_CONVERSION = YES;
				CLANG_WARN_NON_LITERAL_NULL_CONVERSION = YES;
				CLANG_WARN_OBJC_IMPLICIT_RETAIN_SELF = YES;
				CLANG_WARN_OBJC_LITERAL_CONVERSION = YES;
				CLANG_WARN_OBJC_ROOT_CLASS = YES_ERROR;
				CLANG_WARN_RANGE_LOOP_ANALYSIS = YES;
				CLANG_WARN_STRICT_PROTOTYPES = YES;
				CLANG_WARN_SUSPICIOUS_MOVE = YES;
				CLANG_WARN_UNGUARDED_AVAILABILITY = YES_AGGRESSIVE;
				CLANG_WARN_UNREACHABLE_CODE = YES;
				CLANG_WARN__DUPLICATE_METHOD_MATCH = YES;
				CODE_SIGN_IDENTITY = "iPhone Developer";
				COPY_PHASE_STRIP = NO;
				DEBUG_INFORMATION_FORMAT = "dwarf-with-dsym";
				ENABLE_NS_ASSERTIONS = NO;
				ENABLE_STRICT_OBJC_MSGSEND = YES;
				GCC_C_LANGUAGE_STANDARD = gnu11;
				GCC_NO_COMMON_BLOCKS = YES;
				GCC_WARN_64_TO_32_BIT_CONVERSION = YES;
				GCC_WARN_ABOUT_RETURN_TYPE = YES_ERROR;
				GCC_WARN_UNDECLARED_SELECTOR = YES;
				GCC_WARN_UNINITIALIZED_AUTOS = YES_AGGRESSIVE;
				GCC_WARN_UNUSED_FUNCTION = YES;
				GCC_WARN_UNUSED_VARIABLE = YES;
				IPHONEOS_DEPLOYMENT_TARGET = 12.1;
				MTL_ENABLE_DEBUG_INFO = NO;
				MTL_FAST_MATH = YES;
				SDKROOT = iphoneos;
				SWIFT_COMPILATION_MODE = wholemodule;
				SWIFT_OPTIMIZATION_LEVEL = "-O";
				VALIDATE_PRODUCT = YES;
			};
			name = Release;
		};
		361329132195AE5700C22703 /* Debug */ = {
			isa = XCBuildConfiguration;
			baseConfigurationReference = C1B81B9F12C2C28645D866C7 /* Pods-Grafficity.debug.xcconfig */;
			buildSettings = {
				ASSETCATALOG_COMPILER_APPICON_NAME = AppIcon;
				CODE_SIGN_STYLE = Automatic;
				DEVELOPMENT_TEAM = F4S954HGMF;
				INFOPLIST_FILE = grafficity/Info.plist;
				IPHONEOS_DEPLOYMENT_TARGET = 12.0;
				LD_RUNPATH_SEARCH_PATHS = (
					"$(inherited)",
					"@executable_path/Frameworks",
				);
				PRODUCT_BUNDLE_IDENTIFIER = ru.doubletapp.grafficity.art;
				PRODUCT_NAME = "$(TARGET_NAME)";
				SWIFT_VERSION = 4.2;
				TARGETED_DEVICE_FAMILY = "1,2";
			};
			name = Debug;
		};
		361329142195AE5700C22703 /* Release */ = {
			isa = XCBuildConfiguration;
			baseConfigurationReference = 137E4FDAF797D52D0CB4E0EC /* Pods-Grafficity.release.xcconfig */;
			buildSettings = {
				ASSETCATALOG_COMPILER_APPICON_NAME = AppIcon;
				CODE_SIGN_STYLE = Automatic;
				DEVELOPMENT_TEAM = F4S954HGMF;
				INFOPLIST_FILE = grafficity/Info.plist;
				IPHONEOS_DEPLOYMENT_TARGET = 12.0;
				LD_RUNPATH_SEARCH_PATHS = (
					"$(inherited)",
					"@executable_path/Frameworks",
				);
				PRODUCT_BUNDLE_IDENTIFIER = ru.doubletapp.grafficity.art;
				PRODUCT_NAME = "$(TARGET_NAME)";
				SWIFT_VERSION = 4.2;
				TARGETED_DEVICE_FAMILY = "1,2";
			};
			name = Release;
		};
/* End XCBuildConfiguration section */

/* Begin XCConfigurationList section */
		361328FB2195AE5400C22703 /* Build configuration list for PBXProject "grafficity" */ = {
			isa = XCConfigurationList;
			buildConfigurations = (
				361329102195AE5700C22703 /* Debug */,
				361329112195AE5700C22703 /* Release */,
			);
			defaultConfigurationIsVisible = 0;
			defaultConfigurationName = Release;
		};
		361329122195AE5700C22703 /* Build configuration list for PBXNativeTarget "Grafficity" */ = {
			isa = XCConfigurationList;
			buildConfigurations = (
				361329132195AE5700C22703 /* Debug */,
				361329142195AE5700C22703 /* Release */,
			);
			defaultConfigurationIsVisible = 0;
			defaultConfigurationName = Release;
		};
/* End XCConfigurationList section */
	};
	rootObject = 361328F82195AE5400C22703 /* Project object */;
}
